// !$*UTF8*$!
{
	archiveVersion = 1;
	classes = {
	};
	objectVersion = 56;
	objects = {

/* Begin PBXBuildFile section */
		3B35C7F02B6C333B00DCC2DA /* todoApp.swift in Sources */ = {isa = PBXBuildFile; fileRef = 3B35C7EF2B6C333B00DCC2DA /* todoApp.swift */; };
		3B35C7F22B6C333B00DCC2DA /* ContentView.swift in Sources */ = {isa = PBXBuildFile; fileRef = 3B35C7F12B6C333B00DCC2DA /* ContentView.swift */; };
		3B35C7F62B6C333C00DCC2DA /* Assets.xcassets in Resources */ = {isa = PBXBuildFile; fileRef = 3B35C7F52B6C333C00DCC2DA /* Assets.xcassets */; };
		3B35C7F92B6C333C00DCC2DA /* Preview Assets.xcassets in Resources */ = {isa = PBXBuildFile; fileRef = 3B35C7F82B6C333C00DCC2DA /* Preview Assets.xcassets */; };
		3B59D3312B71887800CE0E4E /* Tasks.swift in Sources */ = {isa = PBXBuildFile; fileRef = 3B59D3302B71887800CE0E4E /* Tasks.swift */; };
		3B59D3332B71A31700CE0E4E /* Localizable.xcstrings in Resources */ = {isa = PBXBuildFile; fileRef = 3B59D3322B71A31700CE0E4E /* Localizable.xcstrings */; };
		3B70F69D2B75492300488B27 /* Array.swift in Sources */ = {isa = PBXBuildFile; fileRef = 3B70F69C2B75492300488B27 /* Array.swift */; };
/* End PBXBuildFile section */

/* Begin PBXFileReference section */
		3B35C7E82B6C333B00DCC2DA /* todo-visionos.app */ = {isa = PBXFileReference; explicitFileType = wrapper.application; includeInIndex = 0; path = "todo-visionos.app"; sourceTree = BUILT_PRODUCTS_DIR; };
		3B35C7EF2B6C333B00DCC2DA /* todoApp.swift */ = {isa = PBXFileReference; lastKnownFileType = sourcecode.swift; path = todoApp.swift; sourceTree = "<group>"; };
		3B35C7F12B6C333B00DCC2DA /* ContentView.swift */ = {isa = PBXFileReference; lastKnownFileType = sourcecode.swift; path = ContentView.swift; sourceTree = "<group>"; };
		3B35C7F52B6C333C00DCC2DA /* Assets.xcassets */ = {isa = PBXFileReference; lastKnownFileType = folder.assetcatalog; path = Assets.xcassets; sourceTree = "<group>"; };
		3B35C7F82B6C333C00DCC2DA /* Preview Assets.xcassets */ = {isa = PBXFileReference; lastKnownFileType = folder.assetcatalog; path = "Preview Assets.xcassets"; sourceTree = "<group>"; };
		3B35C7FA2B6C333C00DCC2DA /* Info.plist */ = {isa = PBXFileReference; lastKnownFileType = text.plist.xml; path = Info.plist; sourceTree = "<group>"; };
		3B59D3302B71887800CE0E4E /* Tasks.swift */ = {isa = PBXFileReference; lastKnownFileType = sourcecode.swift; path = Tasks.swift; sourceTree = "<group>"; };
		3B59D3322B71A31700CE0E4E /* Localizable.xcstrings */ = {isa = PBXFileReference; lastKnownFileType = text.json.xcstrings; path = Localizable.xcstrings; sourceTree = "<group>"; };
		3B70F69C2B75492300488B27 /* Array.swift */ = {isa = PBXFileReference; lastKnownFileType = sourcecode.swift; path = Array.swift; sourceTree = "<group>"; };
/* End PBXFileReference section */

/* Begin PBXFrameworksBuildPhase section */
		3B35C7E52B6C333B00DCC2DA /* Frameworks */ = {
			isa = PBXFrameworksBuildPhase;
			buildActionMask = 2147483647;
			files = (
			);
			runOnlyForDeploymentPostprocessing = 0;
		};
/* End PBXFrameworksBuildPhase section */

/* Begin PBXGroup section */
		3B35C7DF2B6C333B00DCC2DA = {
			isa = PBXGroup;
			children = (
				3B35C7EA2B6C333B00DCC2DA /* todo-visionos */,
				3B35C7E92B6C333B00DCC2DA /* Products */,
			);
			sourceTree = "<group>";
		};
		3B35C7E92B6C333B00DCC2DA /* Products */ = {
			isa = PBXGroup;
			children = (
				3B35C7E82B6C333B00DCC2DA /* todo-visionos.app */,
			);
			name = Products;
			sourceTree = "<group>";
		};
		3B35C7EA2B6C333B00DCC2DA /* todo-visionos */ = {
			isa = PBXGroup;
			children = (
				3B70F69B2B75490300488B27 /* Extensions */,
				3B59D32F2B7187D300CE0E4E /* Models */,
				3B35C7EF2B6C333B00DCC2DA /* todoApp.swift */,
				3B35C7F12B6C333B00DCC2DA /* ContentView.swift */,
				3B59D3322B71A31700CE0E4E /* Localizable.xcstrings */,
				3B35C7F52B6C333C00DCC2DA /* Assets.xcassets */,
				3B35C7FA2B6C333C00DCC2DA /* Info.plist */,
				3B35C7F72B6C333C00DCC2DA /* Preview Content */,
			);
			path = "todo-visionos";
			sourceTree = "<group>";
		};
		3B35C7F72B6C333C00DCC2DA /* Preview Content */ = {
			isa = PBXGroup;
			children = (
				3B35C7F82B6C333C00DCC2DA /* Preview Assets.xcassets */,
			);
			path = "Preview Content";
			sourceTree = "<group>";
		};
		3B59D32F2B7187D300CE0E4E /* Models */ = {
			isa = PBXGroup;
			children = (
				3B59D3302B71887800CE0E4E /* Tasks.swift */,
			);
			path = Models;
			sourceTree = "<group>";
		};
		3B70F69B2B75490300488B27 /* Extensions */ = {
			isa = PBXGroup;
			children = (
				3B70F69C2B75492300488B27 /* Array.swift */,
			);
			path = Extensions;
			sourceTree = "<group>";
		};
/* End PBXGroup section */

/* Begin PBXNativeTarget section */
		3B35C7E72B6C333B00DCC2DA /* todo-visionos */ = {
			isa = PBXNativeTarget;
			buildConfigurationList = 3B35C8072B6C333D00DCC2DA /* Build configuration list for PBXNativeTarget "todo-visionos" */;
			buildPhases = (
				3B35C7E42B6C333B00DCC2DA /* Sources */,
				3B35C7E52B6C333B00DCC2DA /* Frameworks */,
				3B35C7E62B6C333B00DCC2DA /* Resources */,
			);
			buildRules = (
			);
			dependencies = (
			);
			name = "todo-visionos";
			packageProductDependencies = (
			);
			productName = "vision-playground";
			productReference = 3B35C7E82B6C333B00DCC2DA /* todo-visionos.app */;
			productType = "com.apple.product-type.application";
		};
/* End PBXNativeTarget section */

/* Begin PBXProject section */
		3B35C7E02B6C333B00DCC2DA /* Project object */ = {
			isa = PBXProject;
			attributes = {
				BuildIndependentTargetsInParallel = 1;
				LastSwiftUpdateCheck = 1520;
				LastUpgradeCheck = 1520;
				TargetAttributes = {
					3B35C7E72B6C333B00DCC2DA = {
						CreatedOnToolsVersion = 15.2;
					};
				};
			};
			buildConfigurationList = 3B35C7E32B6C333B00DCC2DA /* Build configuration list for PBXProject "todo-visionos" */;
			compatibilityVersion = "Xcode 14.0";
			developmentRegion = en;
			hasScannedForEncodings = 0;
			knownRegions = (
				en,
				Base,
			);
			mainGroup = 3B35C7DF2B6C333B00DCC2DA;
			productRefGroup = 3B35C7E92B6C333B00DCC2DA /* Products */;
			projectDirPath = "";
			projectRoot = "";
			targets = (
				3B35C7E72B6C333B00DCC2DA /* todo-visionos */,
			);
		};
/* End PBXProject section */

/* Begin PBXResourcesBuildPhase section */
		3B35C7E62B6C333B00DCC2DA /* Resources */ = {
			isa = PBXResourcesBuildPhase;
			buildActionMask = 2147483647;
			files = (
				3B35C7F92B6C333C00DCC2DA /* Preview Assets.xcassets in Resources */,
				3B35C7F62B6C333C00DCC2DA /* Assets.xcassets in Resources */,
				3B59D3332B71A31700CE0E4E /* Localizable.xcstrings in Resources */,
			);
			runOnlyForDeploymentPostprocessing = 0;
		};
/* End PBXResourcesBuildPhase section */

/* Begin PBXSourcesBuildPhase section */
		3B35C7E42B6C333B00DCC2DA /* Sources */ = {
			isa = PBXSourcesBuildPhase;
			buildActionMask = 2147483647;
			files = (
				3B35C7F22B6C333B00DCC2DA /* ContentView.swift in Sources */,
				3B70F69D2B75492300488B27 /* Array.swift in Sources */,
				3B59D3312B71887800CE0E4E /* Tasks.swift in Sources */,
				3B35C7F02B6C333B00DCC2DA /* todoApp.swift in Sources */,
			);
			runOnlyForDeploymentPostprocessing = 0;
		};
/* End PBXSourcesBuildPhase section */

/* Begin XCBuildConfiguration section */
		3B35C8052B6C333D00DCC2DA /* Debug */ = {
			isa = XCBuildConfiguration;
			buildSettings = {
				ALWAYS_SEARCH_USER_PATHS = NO;
				ASSETCATALOG_COMPILER_GENERATE_SWIFT_ASSET_SYMBOL_EXTENSIONS = YES;
				CLANG_ANALYZER_NONNULL = YES;
				CLANG_ANALYZER_NUMBER_OBJECT_CONVERSION = YES_AGGRESSIVE;
				CLANG_CXX_LANGUAGE_STANDARD = "gnu++20";
				CLANG_ENABLE_MODULES = YES;
				CLANG_ENABLE_OBJC_ARC = YES;
				CLANG_ENABLE_OBJC_WEAK = YES;
				CLANG_WARN_BLOCK_CAPTURE_AUTORELEASING = YES;
				CLANG_WARN_BOOL_CONVERSION = YES;
				CLANG_WARN_COMMA = YES;
				CLANG_WARN_CONSTANT_CONVERSION = YES;
				CLANG_WARN_DEPRECATED_OBJC_IMPLEMENTATIONS = YES;
				CLANG_WARN_DIRECT_OBJC_ISA_USAGE = YES_ERROR;
				CLANG_WARN_DOCUMENTATION_COMMENTS = YES;
				CLANG_WARN_EMPTY_BODY = YES;
				CLANG_WARN_ENUM_CONVERSION = YES;
				CLANG_WARN_INFINITE_RECURSION = YES;
				CLANG_WARN_INT_CONVERSION = YES;
				CLANG_WARN_NON_LITERAL_NULL_CONVERSION = YES;
				CLANG_WARN_OBJC_IMPLICIT_RETAIN_SELF = YES;
				CLANG_WARN_OBJC_LITERAL_CONVERSION = YES;
				CLANG_WARN_OBJC_ROOT_CLASS = YES_ERROR;
				CLANG_WARN_QUOTED_INCLUDE_IN_FRAMEWORK_HEADER = YES;
				CLANG_WARN_RANGE_LOOP_ANALYSIS = YES;
				CLANG_WARN_STRICT_PROTOTYPES = YES;
				CLANG_WARN_SUSPICIOUS_MOVE = YES;
				CLANG_WARN_UNGUARDED_AVAILABILITY = YES_AGGRESSIVE;
				CLANG_WARN_UNREACHABLE_CODE = YES;
				CLANG_WARN__DUPLICATE_METHOD_MATCH = YES;
				COPY_PHASE_STRIP = NO;
				DEBUG_INFORMATION_FORMAT = dwarf;
				ENABLE_STRICT_OBJC_MSGSEND = YES;
				ENABLE_TESTABILITY = YES;
				ENABLE_USER_SCRIPT_SANDBOXING = YES;
				GCC_C_LANGUAGE_STANDARD = gnu17;
				GCC_DYNAMIC_NO_PIC = NO;
				GCC_NO_COMMON_BLOCKS = YES;
				GCC_OPTIMIZATION_LEVEL = 0;
				GCC_PREPROCESSOR_DEFINITIONS = (
					"DEBUG=1",
					"$(inherited)",
				);
				GCC_WARN_64_TO_32_BIT_CONVERSION = YES;
				GCC_WARN_ABOUT_RETURN_TYPE = YES_ERROR;
				GCC_WARN_UNDECLARED_SELECTOR = YES;
				GCC_WARN_UNINITIALIZED_AUTOS = YES_AGGRESSIVE;
				GCC_WARN_UNUSED_FUNCTION = YES;
				GCC_WARN_UNUSED_VARIABLE = YES;
				LOCALIZATION_PREFERS_STRING_CATALOGS = YES;
				MTL_ENABLE_DEBUG_INFO = INCLUDE_SOURCE;
				MTL_FAST_MATH = YES;
				ONLY_ACTIVE_ARCH = YES;
				SDKROOT = xros;
				SWIFT_ACTIVE_COMPILATION_CONDITIONS = "DEBUG $(inherited)";
				SWIFT_OPTIMIZATION_LEVEL = "-Onone";
				XROS_DEPLOYMENT_TARGET = 1.0;
			};
			name = Debug;
		};
		3B35C8062B6C333D00DCC2DA /* Release */ = {
			isa = XCBuildConfiguration;
			buildSettings = {
				ALWAYS_SEARCH_USER_PATHS = NO;
				ASSETCATALOG_COMPILER_GENERATE_SWIFT_ASSET_SYMBOL_EXTENSIONS = YES;
				CLANG_ANALYZER_NONNULL = YES;
				CLANG_ANALYZER_NUMBER_OBJECT_CONVERSION = YES_AGGRESSIVE;
				CLANG_CXX_LANGUAGE_STANDARD = "gnu++20";
				CLANG_ENABLE_MODULES = YES;
				CLANG_ENABLE_OBJC_ARC = YES;
				CLANG_ENABLE_OBJC_WEAK = YES;
				CLANG_WARN_BLOCK_CAPTURE_AUTORELEASING = YES;
				CLANG_WARN_BOOL_CONVERSION = YES;
				CLANG_WARN_COMMA = YES;
				CLANG_WARN_CONSTANT_CONVERSION = YES;
				CLANG_WARN_DEPRECATED_OBJC_IMPLEMENTATIONS = YES;
				CLANG_WARN_DIRECT_OBJC_ISA_USAGE = YES_ERROR;
				CLANG_WARN_DOCUMENTATION_COMMENTS = YES;
				CLANG_WARN_EMPTY_BODY = YES;
				CLANG_WARN_ENUM_CONVERSION = YES;
				CLANG_WARN_INFINITE_RECURSION = YES;
				CLANG_WARN_INT_CONVERSION = YES;
				CLANG_WARN_NON_LITERAL_NULL_CONVERSION = YES;
				CLANG_WARN_OBJC_IMPLICIT_RETAIN_SELF = YES;
				CLANG_WARN_OBJC_LITERAL_CONVERSION = YES;
				CLANG_WARN_OBJC_ROOT_CLASS = YES_ERROR;
				CLANG_WARN_QUOTED_INCLUDE_IN_FRAMEWORK_HEADER = YES;
				CLANG_WARN_RANGE_LOOP_ANALYSIS = YES;
				CLANG_WARN_STRICT_PROTOTYPES = YES;
				CLANG_WARN_SUSPICIOUS_MOVE = YES;
				CLANG_WARN_UNGUARDED_AVAILABILITY = YES_AGGRESSIVE;
				CLANG_WARN_UNREACHABLE_CODE = YES;
				CLANG_WARN__DUPLICATE_METHOD_MATCH = YES;
				COPY_PHASE_STRIP = NO;
				DEBUG_INFORMATION_FORMAT = "dwarf-with-dsym";
				ENABLE_NS_ASSERTIONS = NO;
				ENABLE_STRICT_OBJC_MSGSEND = YES;
				ENABLE_USER_SCRIPT_SANDBOXING = YES;
				GCC_C_LANGUAGE_STANDARD = gnu17;
				GCC_NO_COMMON_BLOCKS = YES;
				GCC_WARN_64_TO_32_BIT_CONVERSION = YES;
				GCC_WARN_ABOUT_RETURN_TYPE = YES_ERROR;
				GCC_WARN_UNDECLARED_SELECTOR = YES;
				GCC_WARN_UNINITIALIZED_AUTOS = YES_AGGRESSIVE;
				GCC_WARN_UNUSED_FUNCTION = YES;
				GCC_WARN_UNUSED_VARIABLE = YES;
				LOCALIZATION_PREFERS_STRING_CATALOGS = YES;
				MTL_ENABLE_DEBUG_INFO = NO;
				MTL_FAST_MATH = YES;
				SDKROOT = xros;
				SWIFT_COMPILATION_MODE = wholemodule;
				VALIDATE_PRODUCT = YES;
				XROS_DEPLOYMENT_TARGET = 1.0;
			};
			name = Release;
		};
		3B35C8082B6C333D00DCC2DA /* Debug */ = {
			isa = XCBuildConfiguration;
			buildSettings = {
				ASSETCATALOG_COMPILER_APPICON_NAME = AppIcon;
				ASSETCATALOG_COMPILER_GLOBAL_ACCENT_COLOR_NAME = AccentColor;
				CODE_SIGN_STYLE = Automatic;
				CURRENT_PROJECT_VERSION = 1;
				DEVELOPMENT_ASSET_PATHS = "";
				ENABLE_PREVIEWS = YES;
				GENERATE_INFOPLIST_FILE = YES;
				INFOPLIST_FILE = "$(TARGET_NAME)/Info.plist";
				INFOPLIST_KEY_CFBundleDisplayName = Todos;
				INFOPLIST_KEY_LSApplicationCategoryType = "public.app-category.utilities";
				LD_RUNPATH_SEARCH_PATHS = (
					"$(inherited)",
					"@executable_path/Frameworks",
				);
				MARKETING_VERSION = 1.0;
				PRODUCT_BUNDLE_IDENTIFIER = "test.todo-app";
				PRODUCT_NAME = "$(TARGET_NAME)";
				SUPPORTED_PLATFORMS = "xros xrsimulator";
				SUPPORTS_MACCATALYST = NO;
				SWIFT_EMIT_LOC_STRINGS = YES;
				SWIFT_VERSION = 5.0;
				TARGETED_DEVICE_FAMILY = 7;
			};
			name = Debug;
		};
		3B35C8092B6C333D00DCC2DA /* Release */ = {
			isa = XCBuildConfiguration;
			buildSettings = {
				ASSETCATALOG_COMPILER_APPICON_NAME = AppIcon;
				ASSETCATALOG_COMPILER_GLOBAL_ACCENT_COLOR_NAME = AccentColor;
				CODE_SIGN_STYLE = Automatic;
				CURRENT_PROJECT_VERSION = 1;
				DEVELOPMENT_ASSET_PATHS = "";
				ENABLE_PREVIEWS = YES;
				GENERATE_INFOPLIST_FILE = YES;
				INFOPLIST_FILE = "$(TARGET_NAME)/Info.plist";
				INFOPLIST_KEY_CFBundleDisplayName = Todos;
				INFOPLIST_KEY_LSApplicationCategoryType = "public.app-category.utilities";
				LD_RUNPATH_SEARCH_PATHS = (
					"$(inherited)",
					"@executable_path/Frameworks",
				);
				MARKETING_VERSION = 1.0;
				PRODUCT_BUNDLE_IDENTIFIER = "test.todo-app";
				PRODUCT_NAME = "$(TARGET_NAME)";
				SUPPORTED_PLATFORMS = "xros xrsimulator";
				SUPPORTS_MACCATALYST = NO;
				SWIFT_EMIT_LOC_STRINGS = YES;
				SWIFT_VERSION = 5.0;
				TARGETED_DEVICE_FAMILY = 7;
			};
			name = Release;
		};
/* End XCBuildConfiguration section */

/* Begin XCConfigurationList section */
		3B35C7E32B6C333B00DCC2DA /* Build configuration list for PBXProject "todo-visionos" */ = {
			isa = XCConfigurationList;
			buildConfigurations = (
				3B35C8052B6C333D00DCC2DA /* Debug */,
				3B35C8062B6C333D00DCC2DA /* Release */,
			);
			defaultConfigurationIsVisible = 0;
			defaultConfigurationName = Release;
		};
		3B35C8072B6C333D00DCC2DA /* Build configuration list for PBXNativeTarget "todo-visionos" */ = {
			isa = XCConfigurationList;
			buildConfigurations = (
				3B35C8082B6C333D00DCC2DA /* Debug */,
				3B35C8092B6C333D00DCC2DA /* Release */,
			);
			defaultConfigurationIsVisible = 0;
			defaultConfigurationName = Release;
		};
/* End XCConfigurationList section */
	};
	rootObject = 3B35C7E02B6C333B00DCC2DA /* Project object */;
}
